Microsoft Visual Studio Solution File, Format Version 12.00
# Visual Studio Version 17
VisualStudioVersion = 17.5.2.0
MinimumVisualStudioVersion = 10.0.40219.1
Project("{FAE04EC0-301F-11D3-BF4B-00C04F79EFBC}") = "Products", "Products\Products.csproj", "{36B8A4DC-4CD5-E151-40C1-6D7EE8786DA8}"
EndProject
Global
	GlobalSection(SolutionConfigurationPlatforms) = preSolution
		Debug|Any CPU = Debug|Any CPU
		Release|Any CPU = Release|Any CPU
	EndGlobalSection
	GlobalSection(ProjectConfigurationPlatforms) = postSolution
		{36B8A4DC-4CD5-E151-40C1-6D7EE8786DA8}.Debug|Any CPU.ActiveCfg = Debug|Any CPU
		{36B8A4DC-4CD5-E151-40C1-6D7EE8786DA8}.Debug|Any CPU.Build.0 = Debug|Any CPU
		{36B8A4DC-4CD5-E151-40C1-6D7EE8786DA8}.Release|Any CPU.ActiveCfg = Release|Any CPU
		{36B8A4DC-4CD5-E151-40C1-6D7EE8786DA8}.Release|Any CPU.Build.0 = Release|Any CPU
	EndGlobalSection
	GlobalSection(SolutionProperties) = preSolution
		HideSolutionNode = FALSE
	EndGlobalSection
	GlobalSection(ExtensibilityGlobals) = postSolution
		SolutionGuid = {58969D66-76D0-4E7B-8AE7-9454B151A326}
	EndGlobalSection
EndGlobal
